// !$*UTF8*$!
{
	archiveVersion = 1;
	classes = {
	};
	objectVersion = 56;
	objects = {

/* Begin PBXBuildFile section */
		8B6AD4B52C53DFD000E7BB8E /* AppDelegate.swift in Sources */ = {isa = PBXBuildFile; fileRef = 8B6AD4B42C53DFD000E7BB8E /* AppDelegate.swift */; };
		8B6AD4B72C53DFD000E7BB8E /* SceneDelegate.swift in Sources */ = {isa = PBXBuildFile; fileRef = 8B6AD4B62C53DFD000E7BB8E /* SceneDelegate.swift */; };
		8B6AD4B92C53DFD000E7BB8E /* ViewController.swift in Sources */ = {isa = PBXBuildFile; fileRef = 8B6AD4B82C53DFD000E7BB8E /* ViewController.swift */; };
		8B6AD4BC2C53DFD000E7BB8E /* Main.storyboard in Resources */ = {isa = PBXBuildFile; fileRef = 8B6AD4BA2C53DFD000E7BB8E /* Main.storyboard */; };
		8B6AD4BE2C53DFD200E7BB8E /* Assets.xcassets in Resources */ = {isa = PBXBuildFile; fileRef = 8B6AD4BD2C53DFD200E7BB8E /* Assets.xcassets */; };
		8B6AD4C12C53DFD200E7BB8E /* LaunchScreen.storyboard in Resources */ = {isa = PBXBuildFile; fileRef = 8B6AD4BF2C53DFD200E7BB8E /* LaunchScreen.storyboard */; };
		8B6AD4C92C53ED3200E7BB8E /* .gitignore in Resources */ = {isa = PBXBuildFile; fileRef = 8B6AD4C82C53ED3200E7BB8E /* .gitignore */; };
		8B6AD4CD2C53F12C00E7BB8E /* APIKey.swift in Sources */ = {isa = PBXBuildFile; fileRef = 8B6AD4CC2C53F12C00E7BB8E /* APIKey.swift */; };
		8B6AD4D22C53F4E800E7BB8E /* BaseViewController.swift in Sources */ = {isa = PBXBuildFile; fileRef = 8B6AD4D12C53F4E800E7BB8E /* BaseViewController.swift */; };
		8B6AD4D42C53F57B00E7BB8E /* BaseView.swift in Sources */ = {isa = PBXBuildFile; fileRef = 8B6AD4D32C53F57B00E7BB8E /* BaseView.swift */; };
		8B6AD4EC2C53FDEE00E7BB8E /* SnapKit in Frameworks */ = {isa = PBXBuildFile; productRef = 8B6AD4EB2C53FDEE00E7BB8E /* SnapKit */; };
		8B6AD4EF2C53FE1C00E7BB8E /* RxCocoa in Frameworks */ = {isa = PBXBuildFile; productRef = 8B6AD4EE2C53FE1C00E7BB8E /* RxCocoa */; };
		8B6AD4F12C53FE1C00E7BB8E /* RxRelay in Frameworks */ = {isa = PBXBuildFile; productRef = 8B6AD4F02C53FE1C00E7BB8E /* RxRelay */; };
		8B6AD4F32C53FE1C00E7BB8E /* RxSwift in Frameworks */ = {isa = PBXBuildFile; productRef = 8B6AD4F22C53FE1C00E7BB8E /* RxSwift */; };
		8B6AD4F62C53FE2400E7BB8E /* Alamofire in Frameworks */ = {isa = PBXBuildFile; productRef = 8B6AD4F52C53FE2400E7BB8E /* Alamofire */; };
		8B6AD4F82C53FEAB00E7BB8E /* WeatherSearchView.swift in Sources */ = {isa = PBXBuildFile; fileRef = 8B6AD4F72C53FEAB00E7BB8E /* WeatherSearchView.swift */; };
		8B6AD4FB2C53FEC700E7BB8E /* UIView+Extension.swift in Sources */ = {isa = PBXBuildFile; fileRef = 8B6AD4FA2C53FEC700E7BB8E /* UIView+Extension.swift */; };
		8B6AD4FD2C54056000E7BB8E /* WeatherSearchViewController.swift in Sources */ = {isa = PBXBuildFile; fileRef = 8B6AD4FC2C54056000E7BB8E /* WeatherSearchViewController.swift */; };
		8B6AD5002C54081800E7BB8E /* CustomSearchBar.swift in Sources */ = {isa = PBXBuildFile; fileRef = 8B6AD4FF2C54081800E7BB8E /* CustomSearchBar.swift */; };
		8B6AD5032C540E2700E7BB8E /* Constants.swift in Sources */ = {isa = PBXBuildFile; fileRef = 8B6AD5022C540E2700E7BB8E /* Constants.swift */; };
		8B6AD5062C54129400E7BB8E /* reduced_citylist.json in Resources */ = {isa = PBXBuildFile; fileRef = 8B6AD5052C54129400E7BB8E /* reduced_citylist.json */; };
		8B6AD5082C54136B00E7BB8E /* BaseTableViewCell.swift in Sources */ = {isa = PBXBuildFile; fileRef = 8B6AD5072C54136B00E7BB8E /* BaseTableViewCell.swift */; };
		8B6AD50A2C54140F00E7BB8E /* CityTableViewCell.swift in Sources */ = {isa = PBXBuildFile; fileRef = 8B6AD5092C54140F00E7BB8E /* CityTableViewCell.swift */; };
		8B6AD50F2C541E1800E7BB8E /* InputOutput.swift in Sources */ = {isa = PBXBuildFile; fileRef = 8B6AD50E2C541E1800E7BB8E /* InputOutput.swift */; };
		8B6AD5112C541EC000E7BB8E /* WeatherSearchViewModel.swift in Sources */ = {isa = PBXBuildFile; fileRef = 8B6AD5102C541EC000E7BB8E /* WeatherSearchViewModel.swift */; };
		8B6AD5142C548F1B00E7BB8E /* Toast in Frameworks */ = {isa = PBXBuildFile; productRef = 8B6AD5132C548F1B00E7BB8E /* Toast */; };
		8B6AD5182C54C7C400E7BB8E /* MainWeatherView.swift in Sources */ = {isa = PBXBuildFile; fileRef = 8B6AD5172C54C7C400E7BB8E /* MainWeatherView.swift */; };
		8B6AD51A2C54CA6500E7BB8E /* UILabel+Extension.swift in Sources */ = {isa = PBXBuildFile; fileRef = 8B6AD5192C54CA6500E7BB8E /* UILabel+Extension.swift */; };
		8B6AD51C2C54D6AF00E7BB8E /* MainWeatherViewController.swift in Sources */ = {isa = PBXBuildFile; fileRef = 8B6AD51B2C54D6AF00E7BB8E /* MainWeatherViewController.swift */; };
		8B6AD51E2C55357100E7BB8E /* MainWeatherViewModel.swift in Sources */ = {isa = PBXBuildFile; fileRef = 8B6AD51D2C55357100E7BB8E /* MainWeatherViewModel.swift */; };
		8B6AD5202C55399E00E7BB8E /* RouterType.swift in Sources */ = {isa = PBXBuildFile; fileRef = 8B6AD51F2C55399E00E7BB8E /* RouterType.swift */; };
		8B6AD5232C553A5D00E7BB8E /* NetworkManager.swift in Sources */ = {isa = PBXBuildFile; fileRef = 8B6AD5222C553A5D00E7BB8E /* NetworkManager.swift */; };
		8B6AD5252C553AC500E7BB8E /* WeatherAPIRequest.swift in Sources */ = {isa = PBXBuildFile; fileRef = 8B6AD5242C553AC500E7BB8E /* WeatherAPIRequest.swift */; };
		8B6AD5282C5554B800E7BB8E /* WeatherModel.swift in Sources */ = {isa = PBXBuildFile; fileRef = 8B6AD5272C5554B800E7BB8E /* WeatherModel.swift */; };
		8B6AD52B2C55622900E7BB8E /* WeatherAPIError.swift in Sources */ = {isa = PBXBuildFile; fileRef = 8B6AD52A2C55622900E7BB8E /* WeatherAPIError.swift */; };
		8B6AD52D2C55624E00E7BB8E /* QueryKey.swift in Sources */ = {isa = PBXBuildFile; fileRef = 8B6AD52C2C55624E00E7BB8E /* QueryKey.swift */; };
		8B6AD52F2C5565AA00E7BB8E /* CityModel.swift in Sources */ = {isa = PBXBuildFile; fileRef = 8B6AD52E2C5565AA00E7BB8E /* CityModel.swift */; };
/* End PBXBuildFile section */

/* Begin PBXFileReference section */
		8B6AD4B12C53DFD000E7BB8E /* WeatherProject.app */ = {isa = PBXFileReference; explicitFileType = wrapper.application; includeInIndex = 0; path = WeatherProject.app; sourceTree = BUILT_PRODUCTS_DIR; };
		8B6AD4B42C53DFD000E7BB8E /* AppDelegate.swift */ = {isa = PBXFileReference; lastKnownFileType = sourcecode.swift; path = AppDelegate.swift; sourceTree = "<group>"; };
		8B6AD4B62C53DFD000E7BB8E /* SceneDelegate.swift */ = {isa = PBXFileReference; lastKnownFileType = sourcecode.swift; path = SceneDelegate.swift; sourceTree = "<group>"; };
		8B6AD4B82C53DFD000E7BB8E /* ViewController.swift */ = {isa = PBXFileReference; lastKnownFileType = sourcecode.swift; path = ViewController.swift; sourceTree = "<group>"; };
		8B6AD4BB2C53DFD000E7BB8E /* Base */ = {isa = PBXFileReference; lastKnownFileType = file.storyboard; name = Base; path = Base.lproj/Main.storyboard; sourceTree = "<group>"; };
		8B6AD4BD2C53DFD200E7BB8E /* Assets.xcassets */ = {isa = PBXFileReference; lastKnownFileType = folder.assetcatalog; path = Assets.xcassets; sourceTree = "<group>"; };
		8B6AD4C02C53DFD200E7BB8E /* Base */ = {isa = PBXFileReference; lastKnownFileType = file.storyboard; name = Base; path = Base.lproj/LaunchScreen.storyboard; sourceTree = "<group>"; };
		8B6AD4C22C53DFD200E7BB8E /* Info.plist */ = {isa = PBXFileReference; lastKnownFileType = text.plist.xml; path = Info.plist; sourceTree = "<group>"; };
		8B6AD4C82C53ED3200E7BB8E /* .gitignore */ = {isa = PBXFileReference; lastKnownFileType = text; path = .gitignore; sourceTree = "<group>"; };
		8B6AD4CC2C53F12C00E7BB8E /* APIKey.swift */ = {isa = PBXFileReference; lastKnownFileType = sourcecode.swift; path = APIKey.swift; sourceTree = "<group>"; };
		8B6AD4D12C53F4E800E7BB8E /* BaseViewController.swift */ = {isa = PBXFileReference; lastKnownFileType = sourcecode.swift; path = BaseViewController.swift; sourceTree = "<group>"; };
		8B6AD4D32C53F57B00E7BB8E /* BaseView.swift */ = {isa = PBXFileReference; lastKnownFileType = sourcecode.swift; path = BaseView.swift; sourceTree = "<group>"; };
		8B6AD4F72C53FEAB00E7BB8E /* WeatherSearchView.swift */ = {isa = PBXFileReference; lastKnownFileType = sourcecode.swift; path = WeatherSearchView.swift; sourceTree = "<group>"; };
		8B6AD4FA2C53FEC700E7BB8E /* UIView+Extension.swift */ = {isa = PBXFileReference; lastKnownFileType = sourcecode.swift; path = "UIView+Extension.swift"; sourceTree = "<group>"; };
		8B6AD4FC2C54056000E7BB8E /* WeatherSearchViewController.swift */ = {isa = PBXFileReference; lastKnownFileType = sourcecode.swift; path = WeatherSearchViewController.swift; sourceTree = "<group>"; };
		8B6AD4FF2C54081800E7BB8E /* CustomSearchBar.swift */ = {isa = PBXFileReference; lastKnownFileType = sourcecode.swift; path = CustomSearchBar.swift; sourceTree = "<group>"; };
		8B6AD5022C540E2700E7BB8E /* Constants.swift */ = {isa = PBXFileReference; lastKnownFileType = sourcecode.swift; path = Constants.swift; sourceTree = "<group>"; };
		8B6AD5052C54129400E7BB8E /* reduced_citylist.json */ = {isa = PBXFileReference; fileEncoding = 4; lastKnownFileType = text.json; path = reduced_citylist.json; sourceTree = "<group>"; };
		8B6AD5072C54136B00E7BB8E /* BaseTableViewCell.swift */ = {isa = PBXFileReference; lastKnownFileType = sourcecode.swift; path = BaseTableViewCell.swift; sourceTree = "<group>"; };
		8B6AD5092C54140F00E7BB8E /* CityTableViewCell.swift */ = {isa = PBXFileReference; lastKnownFileType = sourcecode.swift; path = CityTableViewCell.swift; sourceTree = "<group>"; };
		8B6AD50E2C541E1800E7BB8E /* InputOutput.swift */ = {isa = PBXFileReference; lastKnownFileType = sourcecode.swift; path = InputOutput.swift; sourceTree = "<group>"; };
		8B6AD5102C541EC000E7BB8E /* WeatherSearchViewModel.swift */ = {isa = PBXFileReference; lastKnownFileType = sourcecode.swift; path = WeatherSearchViewModel.swift; sourceTree = "<group>"; };
		8B6AD5172C54C7C400E7BB8E /* MainWeatherView.swift */ = {isa = PBXFileReference; lastKnownFileType = sourcecode.swift; path = MainWeatherView.swift; sourceTree = "<group>"; };
		8B6AD5192C54CA6500E7BB8E /* UILabel+Extension.swift */ = {isa = PBXFileReference; lastKnownFileType = sourcecode.swift; path = "UILabel+Extension.swift"; sourceTree = "<group>"; };
		8B6AD51B2C54D6AF00E7BB8E /* MainWeatherViewController.swift */ = {isa = PBXFileReference; lastKnownFileType = sourcecode.swift; path = MainWeatherViewController.swift; sourceTree = "<group>"; };
		8B6AD51D2C55357100E7BB8E /* MainWeatherViewModel.swift */ = {isa = PBXFileReference; lastKnownFileType = sourcecode.swift; path = MainWeatherViewModel.swift; sourceTree = "<group>"; };
		8B6AD51F2C55399E00E7BB8E /* RouterType.swift */ = {isa = PBXFileReference; lastKnownFileType = sourcecode.swift; path = RouterType.swift; sourceTree = "<group>"; };
		8B6AD5222C553A5D00E7BB8E /* NetworkManager.swift */ = {isa = PBXFileReference; lastKnownFileType = sourcecode.swift; path = NetworkManager.swift; sourceTree = "<group>"; };
		8B6AD5242C553AC500E7BB8E /* WeatherAPIRequest.swift */ = {isa = PBXFileReference; lastKnownFileType = sourcecode.swift; path = WeatherAPIRequest.swift; sourceTree = "<group>"; };
		8B6AD5272C5554B800E7BB8E /* WeatherModel.swift */ = {isa = PBXFileReference; lastKnownFileType = sourcecode.swift; path = WeatherModel.swift; sourceTree = "<group>"; };
		8B6AD52A2C55622900E7BB8E /* WeatherAPIError.swift */ = {isa = PBXFileReference; lastKnownFileType = sourcecode.swift; path = WeatherAPIError.swift; sourceTree = "<group>"; };
		8B6AD52C2C55624E00E7BB8E /* QueryKey.swift */ = {isa = PBXFileReference; lastKnownFileType = sourcecode.swift; path = QueryKey.swift; sourceTree = "<group>"; };
		8B6AD52E2C5565AA00E7BB8E /* CityModel.swift */ = {isa = PBXFileReference; lastKnownFileType = sourcecode.swift; path = CityModel.swift; sourceTree = "<group>"; };
/* End PBXFileReference section */

/* Begin PBXFrameworksBuildPhase section */
		8B6AD4AE2C53DFD000E7BB8E /* Frameworks */ = {
			isa = PBXFrameworksBuildPhase;
			buildActionMask = 2147483647;
			files = (
				8B6AD5142C548F1B00E7BB8E /* Toast in Frameworks */,
				8B6AD4F62C53FE2400E7BB8E /* Alamofire in Frameworks */,
				8B6AD4F12C53FE1C00E7BB8E /* RxRelay in Frameworks */,
				8B6AD4EF2C53FE1C00E7BB8E /* RxCocoa in Frameworks */,
				8B6AD4F32C53FE1C00E7BB8E /* RxSwift in Frameworks */,
				8B6AD4EC2C53FDEE00E7BB8E /* SnapKit in Frameworks */,
			);
			runOnlyForDeploymentPostprocessing = 0;
		};
/* End PBXFrameworksBuildPhase section */

/* Begin PBXGroup section */
		8B6AD4A82C53DFD000E7BB8E = {
			isa = PBXGroup;
			children = (
				8B6AD4C82C53ED3200E7BB8E /* .gitignore */,
				8B6AD4B32C53DFD000E7BB8E /* WeatherProject */,
				8B6AD4B22C53DFD000E7BB8E /* Products */,
			);
			sourceTree = "<group>";
		};
		8B6AD4B22C53DFD000E7BB8E /* Products */ = {
			isa = PBXGroup;
			children = (
				8B6AD4B12C53DFD000E7BB8E /* WeatherProject.app */,
			);
			name = Products;
			sourceTree = "<group>";
		};
		8B6AD4B32C53DFD000E7BB8E /* WeatherProject */ = {
			isa = PBXGroup;
			children = (
				8B6AD4CB2C53F11C00E7BB8E /* API */,
				8B6AD5012C540E1700E7BB8E /* Constants */,
				8B6AD50D2C541E0500E7BB8E /* Protocol */,
				8B6AD4F92C53FEBE00E7BB8E /* Extension */,
				8B6AD5262C5554A900E7BB8E /* Model */,
				8B6AD5212C553A2200E7BB8E /* Network */,
				8B6AD4D02C53F4D700E7BB8E /* Base */,
				8B6AD4FE2C5407BD00E7BB8E /* CustomView */,
				8B6AD4CE2C53F48300E7BB8E /* Present */,
				8B6AD5042C54126A00E7BB8E /* Resource */,
				8B6AD4B42C53DFD000E7BB8E /* AppDelegate.swift */,
				8B6AD4B62C53DFD000E7BB8E /* SceneDelegate.swift */,
				8B6AD4B82C53DFD000E7BB8E /* ViewController.swift */,
				8B6AD4BA2C53DFD000E7BB8E /* Main.storyboard */,
				8B6AD4BD2C53DFD200E7BB8E /* Assets.xcassets */,
				8B6AD4BF2C53DFD200E7BB8E /* LaunchScreen.storyboard */,
				8B6AD4C22C53DFD200E7BB8E /* Info.plist */,
			);
			path = WeatherProject;
			sourceTree = "<group>";
		};
		8B6AD4CB2C53F11C00E7BB8E /* API */ = {
			isa = PBXGroup;
			children = (
				8B6AD4CC2C53F12C00E7BB8E /* APIKey.swift */,
			);
			path = API;
			sourceTree = "<group>";
		};
		8B6AD4CE2C53F48300E7BB8E /* Present */ = {
			isa = PBXGroup;
			children = (
				8B6AD5162C54C79D00E7BB8E /* MainWeather */,
				8B6AD4CF2C53F48D00E7BB8E /* Search */,
			);
			path = Present;
			sourceTree = "<group>";
		};
		8B6AD4CF2C53F48D00E7BB8E /* Search */ = {
			isa = PBXGroup;
			children = (
				8B6AD4F72C53FEAB00E7BB8E /* WeatherSearchView.swift */,
				8B6AD4FC2C54056000E7BB8E /* WeatherSearchViewController.swift */,
				8B6AD5102C541EC000E7BB8E /* WeatherSearchViewModel.swift */,
				8B6AD5092C54140F00E7BB8E /* CityTableViewCell.swift */,
			);
			path = Search;
			sourceTree = "<group>";
		};
		8B6AD4D02C53F4D700E7BB8E /* Base */ = {
			isa = PBXGroup;
			children = (
				8B6AD4D12C53F4E800E7BB8E /* BaseViewController.swift */,
				8B6AD4D32C53F57B00E7BB8E /* BaseView.swift */,
				8B6AD5072C54136B00E7BB8E /* BaseTableViewCell.swift */,
			);
			path = Base;
			sourceTree = "<group>";
		};
		8B6AD4F92C53FEBE00E7BB8E /* Extension */ = {
			isa = PBXGroup;
			children = (
				8B6AD4FA2C53FEC700E7BB8E /* UIView+Extension.swift */,
				8B6AD5192C54CA6500E7BB8E /* UILabel+Extension.swift */,
			);
			path = Extension;
			sourceTree = "<group>";
		};
		8B6AD4FE2C5407BD00E7BB8E /* CustomView */ = {
			isa = PBXGroup;
			children = (
				8B6AD4FF2C54081800E7BB8E /* CustomSearchBar.swift */,
			);
			path = CustomView;
			sourceTree = "<group>";
		};
		8B6AD5012C540E1700E7BB8E /* Constants */ = {
			isa = PBXGroup;
			children = (
				8B6AD5022C540E2700E7BB8E /* Constants.swift */,
			);
			path = Constants;
			sourceTree = "<group>";
		};
		8B6AD5042C54126A00E7BB8E /* Resource */ = {
			isa = PBXGroup;
			children = (
				8B6AD5052C54129400E7BB8E /* reduced_citylist.json */,
			);
			path = Resource;
			sourceTree = "<group>";
		};
		8B6AD50D2C541E0500E7BB8E /* Protocol */ = {
			isa = PBXGroup;
			children = (
				8B6AD50E2C541E1800E7BB8E /* InputOutput.swift */,
				8B6AD51F2C55399E00E7BB8E /* RouterType.swift */,
			);
			path = Protocol;
			sourceTree = "<group>";
		};
		8B6AD5162C54C79D00E7BB8E /* MainWeather */ = {
			isa = PBXGroup;
			children = (
				8B6AD5172C54C7C400E7BB8E /* MainWeatherView.swift */,
				8B6AD51B2C54D6AF00E7BB8E /* MainWeatherViewController.swift */,
				8B6AD51D2C55357100E7BB8E /* MainWeatherViewModel.swift */,
			);
			path = MainWeather;
			sourceTree = "<group>";
		};
		8B6AD5212C553A2200E7BB8E /* Network */ = {
			isa = PBXGroup;
			children = (
				8B6AD52A2C55622900E7BB8E /* WeatherAPIError.swift */,
				8B6AD52C2C55624E00E7BB8E /* QueryKey.swift */,
				8B6AD5222C553A5D00E7BB8E /* NetworkManager.swift */,
				8B6AD5242C553AC500E7BB8E /* WeatherAPIRequest.swift */,
			);
			path = Network;
			sourceTree = "<group>";
		};
		8B6AD5262C5554A900E7BB8E /* Model */ = {
			isa = PBXGroup;
			children = (
				8B6AD5272C5554B800E7BB8E /* WeatherModel.swift */,
				8B6AD52E2C5565AA00E7BB8E /* CityModel.swift */,
			);
			path = Model;
			sourceTree = "<group>";
		};
/* End PBXGroup section */

/* Begin PBXNativeTarget section */
		8B6AD4B02C53DFD000E7BB8E /* WeatherProject */ = {
			isa = PBXNativeTarget;
			buildConfigurationList = 8B6AD4C52C53DFD200E7BB8E /* Build configuration list for PBXNativeTarget "WeatherProject" */;
			buildPhases = (
				8B6AD4AD2C53DFD000E7BB8E /* Sources */,
				8B6AD4AE2C53DFD000E7BB8E /* Frameworks */,
				8B6AD4AF2C53DFD000E7BB8E /* Resources */,
			);
			buildRules = (
			);
			dependencies = (
			);
			name = WeatherProject;
			packageProductDependencies = (
				8B6AD4EB2C53FDEE00E7BB8E /* SnapKit */,
				8B6AD4EE2C53FE1C00E7BB8E /* RxCocoa */,
				8B6AD4F02C53FE1C00E7BB8E /* RxRelay */,
				8B6AD4F22C53FE1C00E7BB8E /* RxSwift */,
				8B6AD4F52C53FE2400E7BB8E /* Alamofire */,
				8B6AD5132C548F1B00E7BB8E /* Toast */,
			);
			productName = WeatherProject;
			productReference = 8B6AD4B12C53DFD000E7BB8E /* WeatherProject.app */;
			productType = "com.apple.product-type.application";
		};
/* End PBXNativeTarget section */

/* Begin PBXProject section */
		8B6AD4A92C53DFD000E7BB8E /* Project object */ = {
			isa = PBXProject;
			attributes = {
				BuildIndependentTargetsInParallel = 1;
				LastSwiftUpdateCheck = 1500;
				LastUpgradeCheck = 1500;
				TargetAttributes = {
					8B6AD4B02C53DFD000E7BB8E = {
						CreatedOnToolsVersion = 15.0;
					};
				};
			};
			buildConfigurationList = 8B6AD4AC2C53DFD000E7BB8E /* Build configuration list for PBXProject "WeatherProject" */;
			compatibilityVersion = "Xcode 14.0";
			developmentRegion = en;
			hasScannedForEncodings = 0;
			knownRegions = (
				en,
				Base,
			);
			mainGroup = 8B6AD4A82C53DFD000E7BB8E;
			packageReferences = (
				8B6AD4EA2C53FDEE00E7BB8E /* XCRemoteSwiftPackageReference "SnapKit" */,
				8B6AD4ED2C53FE1C00E7BB8E /* XCRemoteSwiftPackageReference "RxSwift" */,
				8B6AD4F42C53FE2400E7BB8E /* XCRemoteSwiftPackageReference "Alamofire" */,
				8B6AD5122C548F1B00E7BB8E /* XCRemoteSwiftPackageReference "Toast-Swift" */,
			);
			productRefGroup = 8B6AD4B22C53DFD000E7BB8E /* Products */;
			projectDirPath = "";
			projectRoot = "";
			targets = (
				8B6AD4B02C53DFD000E7BB8E /* WeatherProject */,
			);
		};
/* End PBXProject section */

/* Begin PBXResourcesBuildPhase section */
		8B6AD4AF2C53DFD000E7BB8E /* Resources */ = {
			isa = PBXResourcesBuildPhase;
			buildActionMask = 2147483647;
			files = (
				8B6AD4C92C53ED3200E7BB8E /* .gitignore in Resources */,
				8B6AD5062C54129400E7BB8E /* reduced_citylist.json in Resources */,
				8B6AD4C12C53DFD200E7BB8E /* LaunchScreen.storyboard in Resources */,
				8B6AD4BE2C53DFD200E7BB8E /* Assets.xcassets in Resources */,
				8B6AD4BC2C53DFD000E7BB8E /* Main.storyboard in Resources */,
			);
			runOnlyForDeploymentPostprocessing = 0;
		};
/* End PBXResourcesBuildPhase section */

/* Begin PBXSourcesBuildPhase section */
		8B6AD4AD2C53DFD000E7BB8E /* Sources */ = {
			isa = PBXSourcesBuildPhase;
			buildActionMask = 2147483647;
			files = (
				8B6AD51A2C54CA6500E7BB8E /* UILabel+Extension.swift in Sources */,
				8B6AD5182C54C7C400E7BB8E /* MainWeatherView.swift in Sources */,
				8B6AD5202C55399E00E7BB8E /* RouterType.swift in Sources */,
				8B6AD5232C553A5D00E7BB8E /* NetworkManager.swift in Sources */,
				8B6AD52F2C5565AA00E7BB8E /* CityModel.swift in Sources */,
				8B6AD52D2C55624E00E7BB8E /* QueryKey.swift in Sources */,
				8B6AD52B2C55622900E7BB8E /* WeatherAPIError.swift in Sources */,
				8B6AD4D22C53F4E800E7BB8E /* BaseViewController.swift in Sources */,
				8B6AD5032C540E2700E7BB8E /* Constants.swift in Sources */,
				8B6AD4B92C53DFD000E7BB8E /* ViewController.swift in Sources */,
				8B6AD5002C54081800E7BB8E /* CustomSearchBar.swift in Sources */,
				8B6AD5112C541EC000E7BB8E /* WeatherSearchViewModel.swift in Sources */,
				8B6AD5082C54136B00E7BB8E /* BaseTableViewCell.swift in Sources */,
				8B6AD4FD2C54056000E7BB8E /* WeatherSearchViewController.swift in Sources */,
				8B6AD5252C553AC500E7BB8E /* WeatherAPIRequest.swift in Sources */,
				8B6AD51E2C55357100E7BB8E /* MainWeatherViewModel.swift in Sources */,
				8B6AD4FB2C53FEC700E7BB8E /* UIView+Extension.swift in Sources */,
				8B6AD4B52C53DFD000E7BB8E /* AppDelegate.swift in Sources */,
				8B6AD50A2C54140F00E7BB8E /* CityTableViewCell.swift in Sources */,
				8B6AD4D42C53F57B00E7BB8E /* BaseView.swift in Sources */,
				8B6AD4CD2C53F12C00E7BB8E /* APIKey.swift in Sources */,
				8B6AD51C2C54D6AF00E7BB8E /* MainWeatherViewController.swift in Sources */,
				8B6AD5282C5554B800E7BB8E /* WeatherModel.swift in Sources */,
				8B6AD4B72C53DFD000E7BB8E /* SceneDelegate.swift in Sources */,
				8B6AD4F82C53FEAB00E7BB8E /* WeatherSearchView.swift in Sources */,
				8B6AD50F2C541E1800E7BB8E /* InputOutput.swift in Sources */,
			);
			runOnlyForDeploymentPostprocessing = 0;
		};
/* End PBXSourcesBuildPhase section */

/* Begin PBXVariantGroup section */
		8B6AD4BA2C53DFD000E7BB8E /* Main.storyboard */ = {
			isa = PBXVariantGroup;
			children = (
				8B6AD4BB2C53DFD000E7BB8E /* Base */,
			);
			name = Main.storyboard;
			sourceTree = "<group>";
		};
		8B6AD4BF2C53DFD200E7BB8E /* LaunchScreen.storyboard */ = {
			isa = PBXVariantGroup;
			children = (
				8B6AD4C02C53DFD200E7BB8E /* Base */,
			);
			name = LaunchScreen.storyboard;
			sourceTree = "<group>";
		};
/* End PBXVariantGroup section */

/* Begin XCBuildConfiguration section */
		8B6AD4C32C53DFD200E7BB8E /* Debug */ = {
			isa = XCBuildConfiguration;
			buildSettings = {
				ALWAYS_SEARCH_USER_PATHS = NO;
				ASSETCATALOG_COMPILER_GENERATE_SWIFT_ASSET_SYMBOL_EXTENSIONS = YES;
				CLANG_ANALYZER_NONNULL = YES;
				CLANG_ANALYZER_NUMBER_OBJECT_CONVERSION = YES_AGGRESSIVE;
				CLANG_CXX_LANGUAGE_STANDARD = "gnu++20";
				CLANG_ENABLE_MODULES = YES;
				CLANG_ENABLE_OBJC_ARC = YES;
				CLANG_ENABLE_OBJC_WEAK = YES;
				CLANG_WARN_BLOCK_CAPTURE_AUTORELEASING = YES;
				CLANG_WARN_BOOL_CONVERSION = YES;
				CLANG_WARN_COMMA = YES;
				CLANG_WARN_CONSTANT_CONVERSION = YES;
				CLANG_WARN_DEPRECATED_OBJC_IMPLEMENTATIONS = YES;
				CLANG_WARN_DIRECT_OBJC_ISA_USAGE = YES_ERROR;
				CLANG_WARN_DOCUMENTATION_COMMENTS = YES;
				CLANG_WARN_EMPTY_BODY = YES;
				CLANG_WARN_ENUM_CONVERSION = YES;
				CLANG_WARN_INFINITE_RECURSION = YES;
				CLANG_WARN_INT_CONVERSION = YES;
				CLANG_WARN_NON_LITERAL_NULL_CONVERSION = YES;
				CLANG_WARN_OBJC_IMPLICIT_RETAIN_SELF = YES;
				CLANG_WARN_OBJC_LITERAL_CONVERSION = YES;
				CLANG_WARN_OBJC_ROOT_CLASS = YES_ERROR;
				CLANG_WARN_QUOTED_INCLUDE_IN_FRAMEWORK_HEADER = YES;
				CLANG_WARN_RANGE_LOOP_ANALYSIS = YES;
				CLANG_WARN_STRICT_PROTOTYPES = YES;
				CLANG_WARN_SUSPICIOUS_MOVE = YES;
				CLANG_WARN_UNGUARDED_AVAILABILITY = YES_AGGRESSIVE;
				CLANG_WARN_UNREACHABLE_CODE = YES;
				CLANG_WARN__DUPLICATE_METHOD_MATCH = YES;
				COPY_PHASE_STRIP = NO;
				DEBUG_INFORMATION_FORMAT = dwarf;
				ENABLE_STRICT_OBJC_MSGSEND = YES;
				ENABLE_TESTABILITY = YES;
				ENABLE_USER_SCRIPT_SANDBOXING = YES;
				GCC_C_LANGUAGE_STANDARD = gnu17;
				GCC_DYNAMIC_NO_PIC = NO;
				GCC_NO_COMMON_BLOCKS = YES;
				GCC_OPTIMIZATION_LEVEL = 0;
				GCC_PREPROCESSOR_DEFINITIONS = (
					"DEBUG=1",
					"$(inherited)",
				);
				GCC_WARN_64_TO_32_BIT_CONVERSION = YES;
				GCC_WARN_ABOUT_RETURN_TYPE = YES_ERROR;
				GCC_WARN_UNDECLARED_SELECTOR = YES;
				GCC_WARN_UNINITIALIZED_AUTOS = YES_AGGRESSIVE;
				GCC_WARN_UNUSED_FUNCTION = YES;
				GCC_WARN_UNUSED_VARIABLE = YES;
				IPHONEOS_DEPLOYMENT_TARGET = 17.0;
				LOCALIZATION_PREFERS_STRING_CATALOGS = YES;
				MTL_ENABLE_DEBUG_INFO = INCLUDE_SOURCE;
				MTL_FAST_MATH = YES;
				ONLY_ACTIVE_ARCH = YES;
				SDKROOT = iphoneos;
				SWIFT_ACTIVE_COMPILATION_CONDITIONS = "DEBUG $(inherited)";
				SWIFT_OPTIMIZATION_LEVEL = "-Onone";
			};
			name = Debug;
		};
		8B6AD4C42C53DFD200E7BB8E /* Release */ = {
			isa = XCBuildConfiguration;
			buildSettings = {
				ALWAYS_SEARCH_USER_PATHS = NO;
				ASSETCATALOG_COMPILER_GENERATE_SWIFT_ASSET_SYMBOL_EXTENSIONS = YES;
				CLANG_ANALYZER_NONNULL = YES;
				CLANG_ANALYZER_NUMBER_OBJECT_CONVERSION = YES_AGGRESSIVE;
				CLANG_CXX_LANGUAGE_STANDARD = "gnu++20";
				CLANG_ENABLE_MODULES = YES;
				CLANG_ENABLE_OBJC_ARC = YES;
				CLANG_ENABLE_OBJC_WEAK = YES;
				CLANG_WARN_BLOCK_CAPTURE_AUTORELEASING = YES;
				CLANG_WARN_BOOL_CONVERSION = YES;
				CLANG_WARN_COMMA = YES;
				CLANG_WARN_CONSTANT_CONVERSION = YES;
				CLANG_WARN_DEPRECATED_OBJC_IMPLEMENTATIONS = YES;
				CLANG_WARN_DIRECT_OBJC_ISA_USAGE = YES_ERROR;
				CLANG_WARN_DOCUMENTATION_COMMENTS = YES;
				CLANG_WARN_EMPTY_BODY = YES;
				CLANG_WARN_ENUM_CONVERSION = YES;
				CLANG_WARN_INFINITE_RECURSION = YES;
				CLANG_WARN_INT_CONVERSION = YES;
				CLANG_WARN_NON_LITERAL_NULL_CONVERSION = YES;
				CLANG_WARN_OBJC_IMPLICIT_RETAIN_SELF = YES;
				CLANG_WARN_OBJC_LITERAL_CONVERSION = YES;
				CLANG_WARN_OBJC_ROOT_CLASS = YES_ERROR;
				CLANG_WARN_QUOTED_INCLUDE_IN_FRAMEWORK_HEADER = YES;
				CLANG_WARN_RANGE_LOOP_ANALYSIS = YES;
				CLANG_WARN_STRICT_PROTOTYPES = YES;
				CLANG_WARN_SUSPICIOUS_MOVE = YES;
				CLANG_WARN_UNGUARDED_AVAILABILITY = YES_AGGRESSIVE;
				CLANG_WARN_UNREACHABLE_CODE = YES;
				CLANG_WARN__DUPLICATE_METHOD_MATCH = YES;
				COPY_PHASE_STRIP = NO;
				DEBUG_INFORMATION_FORMAT = "dwarf-with-dsym";
				ENABLE_NS_ASSERTIONS = NO;
				ENABLE_STRICT_OBJC_MSGSEND = YES;
				ENABLE_USER_SCRIPT_SANDBOXING = YES;
				GCC_C_LANGUAGE_STANDARD = gnu17;
				GCC_NO_COMMON_BLOCKS = YES;
				GCC_WARN_64_TO_32_BIT_CONVERSION = YES;
				GCC_WARN_ABOUT_RETURN_TYPE = YES_ERROR;
				GCC_WARN_UNDECLARED_SELECTOR = YES;
				GCC_WARN_UNINITIALIZED_AUTOS = YES_AGGRESSIVE;
				GCC_WARN_UNUSED_FUNCTION = YES;
				GCC_WARN_UNUSED_VARIABLE = YES;
				IPHONEOS_DEPLOYMENT_TARGET = 17.0;
				LOCALIZATION_PREFERS_STRING_CATALOGS = YES;
				MTL_ENABLE_DEBUG_INFO = NO;
				MTL_FAST_MATH = YES;
				SDKROOT = iphoneos;
				SWIFT_COMPILATION_MODE = wholemodule;
				VALIDATE_PRODUCT = YES;
			};
			name = Release;
		};
		8B6AD4C62C53DFD200E7BB8E /* Debug */ = {
			isa = XCBuildConfiguration;
			buildSettings = {
				ASSETCATALOG_COMPILER_APPICON_NAME = AppIcon;
				ASSETCATALOG_COMPILER_GLOBAL_ACCENT_COLOR_NAME = AccentColor;
				CODE_SIGN_STYLE = Automatic;
				CURRENT_PROJECT_VERSION = 1;
				GENERATE_INFOPLIST_FILE = YES;
				INFOPLIST_FILE = WeatherProject/Info.plist;
				INFOPLIST_KEY_UIApplicationSupportsIndirectInputEvents = YES;
				INFOPLIST_KEY_UILaunchStoryboardName = LaunchScreen;
				INFOPLIST_KEY_UIMainStoryboardFile = Main;
				INFOPLIST_KEY_UISupportedInterfaceOrientations = UIInterfaceOrientationPortrait;
				INFOPLIST_KEY_UISupportedInterfaceOrientations_iPad = "UIInterfaceOrientationLandscapeLeft UIInterfaceOrientationLandscapeRight UIInterfaceOrientationPortrait UIInterfaceOrientationPortraitUpsideDown";
				IPHONEOS_DEPLOYMENT_TARGET = 13.0;
				LD_RUNPATH_SEARCH_PATHS = (
					"$(inherited)",
					"@executable_path/Frameworks",
				);
				MARKETING_VERSION = 1.0;
				PRODUCT_BUNDLE_IDENTIFIER = com.bami.WeatherProject;
				PRODUCT_NAME = "$(TARGET_NAME)";
				SUPPORTED_PLATFORMS = "iphoneos iphonesimulator";
				SUPPORTS_MACCATALYST = NO;
				SUPPORTS_MAC_DESIGNED_FOR_IPHONE_IPAD = NO;
				SWIFT_EMIT_LOC_STRINGS = YES;
				SWIFT_VERSION = 5.0;
				TARGETED_DEVICE_FAMILY = 1;
			};
			name = Debug;
		};
		8B6AD4C72C53DFD200E7BB8E /* Release */ = {
			isa = XCBuildConfiguration;
			buildSettings = {
				ASSETCATALOG_COMPILER_APPICON_NAME = AppIcon;
				ASSETCATALOG_COMPILER_GLOBAL_ACCENT_COLOR_NAME = AccentColor;
				CODE_SIGN_STYLE = Automatic;
				CURRENT_PROJECT_VERSION = 1;
				GENERATE_INFOPLIST_FILE = YES;
				INFOPLIST_FILE = WeatherProject/Info.plist;
				INFOPLIST_KEY_UIApplicationSupportsIndirectInputEvents = YES;
				INFOPLIST_KEY_UILaunchStoryboardName = LaunchScreen;
				INFOPLIST_KEY_UIMainStoryboardFile = Main;
				INFOPLIST_KEY_UISupportedInterfaceOrientations = UIInterfaceOrientationPortrait;
				INFOPLIST_KEY_UISupportedInterfaceOrientations_iPad = "UIInterfaceOrientationLandscapeLeft UIInterfaceOrientationLandscapeRight UIInterfaceOrientationPortrait UIInterfaceOrientationPortraitUpsideDown";
				IPHONEOS_DEPLOYMENT_TARGET = 13.0;
				LD_RUNPATH_SEARCH_PATHS = (
					"$(inherited)",
					"@executable_path/Frameworks",
				);
				MARKETING_VERSION = 1.0;
				PRODUCT_BUNDLE_IDENTIFIER = com.bami.WeatherProject;
				PRODUCT_NAME = "$(TARGET_NAME)";
				SUPPORTED_PLATFORMS = "iphoneos iphonesimulator";
				SUPPORTS_MACCATALYST = NO;
				SUPPORTS_MAC_DESIGNED_FOR_IPHONE_IPAD = NO;
				SWIFT_EMIT_LOC_STRINGS = YES;
				SWIFT_VERSION = 5.0;
				TARGETED_DEVICE_FAMILY = 1;
			};
			name = Release;
		};
/* End XCBuildConfiguration section */

/* Begin XCConfigurationList section */
		8B6AD4AC2C53DFD000E7BB8E /* Build configuration list for PBXProject "WeatherProject" */ = {
			isa = XCConfigurationList;
			buildConfigurations = (
				8B6AD4C32C53DFD200E7BB8E /* Debug */,
				8B6AD4C42C53DFD200E7BB8E /* Release */,
			);
			defaultConfigurationIsVisible = 0;
			defaultConfigurationName = Release;
		};
		8B6AD4C52C53DFD200E7BB8E /* Build configuration list for PBXNativeTarget "WeatherProject" */ = {
			isa = XCConfigurationList;
			buildConfigurations = (
				8B6AD4C62C53DFD200E7BB8E /* Debug */,
				8B6AD4C72C53DFD200E7BB8E /* Release */,
			);
			defaultConfigurationIsVisible = 0;
			defaultConfigurationName = Release;
		};
/* End XCConfigurationList section */

/* Begin XCRemoteSwiftPackageReference section */
		8B6AD4EA2C53FDEE00E7BB8E /* XCRemoteSwiftPackageReference "SnapKit" */ = {
			isa = XCRemoteSwiftPackageReference;
			repositoryURL = "https://github.com/SnapKit/SnapKit";
			requirement = {
				kind = upToNextMajorVersion;
				minimumVersion = 5.7.1;
			};
		};
		8B6AD4ED2C53FE1C00E7BB8E /* XCRemoteSwiftPackageReference "RxSwift" */ = {
			isa = XCRemoteSwiftPackageReference;
			repositoryURL = "https://github.com/ReactiveX/RxSwift";
			requirement = {
				kind = upToNextMajorVersion;
				minimumVersion = 6.7.1;
			};
		};
		8B6AD4F42C53FE2400E7BB8E /* XCRemoteSwiftPackageReference "Alamofire" */ = {
			isa = XCRemoteSwiftPackageReference;
			repositoryURL = "https://github.com/Alamofire/Alamofire";
			requirement = {
				kind = upToNextMajorVersion;
				minimumVersion = 5.9.1;
			};
		};
		8B6AD5122C548F1B00E7BB8E /* XCRemoteSwiftPackageReference "Toast-Swift" */ = {
			isa = XCRemoteSwiftPackageReference;
			repositoryURL = "https://github.com/scalessec/Toast-Swift";
			requirement = {
				kind = upToNextMajorVersion;
				minimumVersion = 5.1.1;
			};
		};
/* End XCRemoteSwiftPackageReference section */

/* Begin XCSwiftPackageProductDependency section */
		8B6AD4EB2C53FDEE00E7BB8E /* SnapKit */ = {
			isa = XCSwiftPackageProductDependency;
			package = 8B6AD4EA2C53FDEE00E7BB8E /* XCRemoteSwiftPackageReference "SnapKit" */;
			productName = SnapKit;
		};
		8B6AD4EE2C53FE1C00E7BB8E /* RxCocoa */ = {
			isa = XCSwiftPackageProductDependency;
			package = 8B6AD4ED2C53FE1C00E7BB8E /* XCRemoteSwiftPackageReference "RxSwift" */;
			productName = RxCocoa;
		};
		8B6AD4F02C53FE1C00E7BB8E /* RxRelay */ = {
			isa = XCSwiftPackageProductDependency;
			package = 8B6AD4ED2C53FE1C00E7BB8E /* XCRemoteSwiftPackageReference "RxSwift" */;
			productName = RxRelay;
		};
		8B6AD4F22C53FE1C00E7BB8E /* RxSwift */ = {
			isa = XCSwiftPackageProductDependency;
			package = 8B6AD4ED2C53FE1C00E7BB8E /* XCRemoteSwiftPackageReference "RxSwift" */;
			productName = RxSwift;
		};
		8B6AD4F52C53FE2400E7BB8E /* Alamofire */ = {
			isa = XCSwiftPackageProductDependency;
			package = 8B6AD4F42C53FE2400E7BB8E /* XCRemoteSwiftPackageReference "Alamofire" */;
			productName = Alamofire;
		};
		8B6AD5132C548F1B00E7BB8E /* Toast */ = {
			isa = XCSwiftPackageProductDependency;
			package = 8B6AD5122C548F1B00E7BB8E /* XCRemoteSwiftPackageReference "Toast-Swift" */;
			productName = Toast;
		};
/* End XCSwiftPackageProductDependency section */
	};
	rootObject = 8B6AD4A92C53DFD000E7BB8E /* Project object */;
}
